<?xml version="1.0" encoding="utf-8"?>
<Project xmlns="http://schemas.microsoft.com/developer/msbuild/2003">
  <PropertyGroup>
    <ProjectGuid>{c6dbb227-edef-442e-9344-b79749c9a6b8}</ProjectGuid>
    <Configuration Condition=" '$(Configuration)' == '' ">Release</Configuration>
    <Platform Condition=" '$(Platform)' == '' ">AnyCPU</Platform>
    <DCC_DCCCompiler>DCC32</DCC_DCCCompiler>
    <DCC_DependencyCheckOutputName>..\bin\idxwrite.exe</DCC_DependencyCheckOutputName>
    <MainSource>idxwrite.dpr</MainSource>
  </PropertyGroup>
  <PropertyGroup Condition=" '$(Configuration)|$(Platform)' == 'Release|AnyCPU' ">
    <Version>7.0</Version>
    <DCC_DebugInformation>False</DCC_DebugInformation>
    <DCC_LocalDebugSymbols>False</DCC_LocalDebugSymbols>
    <DCC_SymbolReferenceInfo>0</DCC_SymbolReferenceInfo>
    <DCC_Define>RELEASE</DCC_Define>
    <DCC_ExeOutput>..\bin</DCC_ExeOutput>
    <DCC_DcuOutput>..\obj</DCC_DcuOutput>
    <DCC_ObjOutput>..\obj</DCC_ObjOutput>
    <DCC_HppOutput>..\obj</DCC_HppOutput>
  </PropertyGroup>
  <PropertyGroup Condition=" '$(Configuration)|$(Platform)' == 'Debug|AnyCPU' ">
    <Version>7.0</Version>
    <DCC_Define>DEBUG</DCC_Define>
    <DCC_ExeOutput>..\bin</DCC_ExeOutput>
    <DCC_DcuOutput>..\obj</DCC_DcuOutput>
    <DCC_ObjOutput>..\obj</DCC_ObjOutput>
    <DCC_HppOutput>..\obj</DCC_HppOutput>
  </PropertyGroup>
  <ProjectExtensions>
    <Borland.Personality>Delphi.Personality</Borland.Personality>
    <Borland.ProjectType />
    <BorlandProject>
<BorlandProject><Delphi.Personality><Parameters><Parameters Name="UseLauncher">False</Parameters><Parameters Name="LoadAllSymbols">True</Parameters><Parameters Name="LoadUnspecifiedSymbols">False</Parameters></Parameters><VersionInfo><VersionInfo Name="IncludeVerInfo">True</VersionInfo><VersionInfo Name="AutoIncBuild">True</VersionInfo><VersionInfo Name="MajorVer">2</VersionInfo><VersionInfo Name="MinorVer">3</VersionInfo><VersionInfo Name="Release">5</VersionInfo><VersionInfo Name="Build">88</VersionInfo><VersionInfo Name="Debug">False</VersionInfo><VersionInfo Name="PreRelease">False</VersionInfo><VersionInfo Name="Special">False</VersionInfo><VersionInfo Name="Private">False</VersionInfo><VersionInfo Name="DLL">False</VersionInfo><VersionInfo Name="Locale">1036</VersionInfo><VersionInfo Name="CodePage">1252</VersionInfo></VersionInfo><VersionInfoKeys><VersionInfoKeys Name="CompanyName">Shentrad Team</VersionInfoKeys><VersionInfoKeys Name="FileDescription">Shenmue IDX Creator</VersionInfoKeys><VersionInfoKeys Name="FileVersion">2.3.5.88</VersionInfoKeys><VersionInfoKeys Name="InternalName">IDX Creator</VersionInfoKeys><VersionInfoKeys Name="LegalCopyright">© Copyleft 2006-2013</VersionInfoKeys><VersionInfoKeys Name="LegalTrademarks">Shenmue is copyrighted SEGA © 1999, 2001</VersionInfoKeys><VersionInfoKeys Name="OriginalFilename">idxwrite.exe</VersionInfoKeys><VersionInfoKeys Name="ProductName">Shenmue Translation Pack</VersionInfoKeys><VersionInfoKeys Name="ProductVersion">2.3</VersionInfoKeys><VersionInfoKeys Name="Comments">http://shenmuesubs.sf.net/</VersionInfoKeys></VersionInfoKeys><Source><Source Name="MainSource">idxwrite.dpr</Source></Source><Excluded_Packages>
      
      
      <Excluded_Packages Name="$(BDS)\bin\dcloffice2k100.bpl">Composants Microsoft Office 2000 Sample Automation Server Wrapper</Excluded_Packages>
      <Excluded_Packages Name="$(BDS)\bin\dclofficexp100.bpl">Composants Microsoft Office XP Sample Automation Server Wrapper</Excluded_Packages>
    </Excluded_Packages></Delphi.Personality></BorlandProject></BorlandProject>
  </ProjectExtensions>
  <Import Project="$(MSBuildBinPath)\Borland.Delphi.Targets" />
  <ItemGroup>
    <DelphiCompile Include="idxwrite.dpr">
      <MainSource>MainSource</MainSource>
    </DelphiCompile>
    <DCCReference Include="..\..\Common\systools.pas" />
    <DCCReference Include="engine\s2idx.pas" />
    <DCCReference Include="engine\s2idx_intf.pas" />
    <DCCReference Include="engine\UAfsStruct.pas" />
    <DCCReference Include="engine\UIdxCreation.pas" />
    <DCCReference Include="engine\UIdxStruct.pas" />
    <DCCReference Include="engine\UIdxTemplateCreation.pas" />
    <DCCReference Include="engine\USrfStruct.pas" />
    <DCCReference Include="engine\xmlutils.pas" />
    <DCCReference Include="main.pas">
      <Form>frmMain</Form>
    </DCCReference>
    <DCCReference Include="progress.pas">
      <Form>frmProgress</Form>
    </DCCReference>
  </ItemGroup>
</Project>