<?xml version="1.0" encoding="utf-8"?>
<Project xmlns="http://schemas.microsoft.com/developer/msbuild/2003">
  <PropertyGroup>
    <ProjectGuid>{e60674e5-5f64-4d8b-a0fd-8169ea7e64a1}</ProjectGuid>
    <Configuration Condition=" '$(Configuration)' == '' ">Debug</Configuration>
    <Platform Condition=" '$(Platform)' == '' ">AnyCPU</Platform>
    <DCC_DCCCompiler>DCC32</DCC_DCCCompiler>
    <DCC_DependencyCheckOutputName>..\bin\rlzulock.exe</DCC_DependencyCheckOutputName>
    <MainSource>rlzulock.dpr</MainSource>
  </PropertyGroup>
  <PropertyGroup Condition=" '$(Configuration)|$(Platform)' == 'Release|AnyCPU' ">
    <Version>7.0</Version>
    <DCC_DebugInformation>False</DCC_DebugInformation>
    <DCC_LocalDebugSymbols>False</DCC_LocalDebugSymbols>
    <DCC_SymbolReferenceInfo>0</DCC_SymbolReferenceInfo>
    <DCC_ExeOutput>..\bin</DCC_ExeOutput>
    <DCC_DcuOutput>..\obj</DCC_DcuOutput>
    <DCC_ObjOutput>..\obj</DCC_ObjOutput>
    <DCC_HppOutput>..\obj</DCC_HppOutput>
    <DCC_Define>RELEASE</DCC_Define>
  </PropertyGroup>
  <PropertyGroup Condition=" '$(Configuration)|$(Platform)' == 'Debug|AnyCPU' ">
    <Version>7.0</Version>
    <DCC_ExeOutput>..\bin</DCC_ExeOutput>
    <DCC_DcuOutput>..\obj</DCC_DcuOutput>
    <DCC_ObjOutput>..\obj</DCC_ObjOutput>
    <DCC_HppOutput>..\obj</DCC_HppOutput>
    <DCC_Define>DEBUG</DCC_Define>
  </PropertyGroup>
  <ProjectExtensions>
    <Borland.Personality>Delphi.Personality</Borland.Personality>
    <Borland.ProjectType />
    <BorlandProject>
<BorlandProject><Delphi.Personality><Parameters><Parameters Name="UseLauncher">False</Parameters><Parameters Name="LoadAllSymbols">True</Parameters><Parameters Name="LoadUnspecifiedSymbols">False</Parameters></Parameters><VersionInfo><VersionInfo Name="IncludeVerInfo">True</VersionInfo><VersionInfo Name="AutoIncBuild">True</VersionInfo><VersionInfo Name="MajorVer">1</VersionInfo><VersionInfo Name="MinorVer">0</VersionInfo><VersionInfo Name="Release">2</VersionInfo><VersionInfo Name="Build">479</VersionInfo><VersionInfo Name="Debug">False</VersionInfo><VersionInfo Name="PreRelease">False</VersionInfo><VersionInfo Name="Special">False</VersionInfo><VersionInfo Name="Private">False</VersionInfo><VersionInfo Name="DLL">False</VersionInfo><VersionInfo Name="Locale">1036</VersionInfo><VersionInfo Name="CodePage">1252</VersionInfo></VersionInfo><VersionInfoKeys><VersionInfoKeys Name="CompanyName">Shentrad Team</VersionInfoKeys><VersionInfoKeys Name="FileDescription">Shenmue Release Unlocker</VersionInfoKeys><VersionInfoKeys Name="FileVersion">1.0.2.479</VersionInfoKeys><VersionInfoKeys Name="InternalName">rlzulock.exe</VersionInfoKeys><VersionInfoKeys Name="LegalCopyright">© Copyleft 2006-2013</VersionInfoKeys><VersionInfoKeys Name="LegalTrademarks">Shenmue is copyrighted SEGA © 1999, 2001</VersionInfoKeys><VersionInfoKeys Name="OriginalFilename">unpacker.exe</VersionInfoKeys><VersionInfoKeys Name="ProductName">Shenmue Translation Pack</VersionInfoKeys><VersionInfoKeys Name="ProductVersion">1.0</VersionInfoKeys><VersionInfoKeys Name="Comments">http://shenmuesubs.sf.net/</VersionInfoKeys></VersionInfoKeys><Excluded_Packages>
      
      
      
      
      
      
      <Excluded_Packages Name="$(BDS)\bin\dcloffice2k100.bpl">Composants Microsoft Office 2000 Sample Automation Server Wrapper</Excluded_Packages>
      <Excluded_Packages Name="$(BDS)\bin\dclofficexp100.bpl">Composants Microsoft Office XP Sample Automation Server Wrapper</Excluded_Packages>
    </Excluded_Packages><Source><Source Name="MainSource">rlzulock.dpr</Source></Source></Delphi.Personality></BorlandProject></BorlandProject>
  </ProjectExtensions>
  <Import Project="$(MSBuildBinPath)\Borland.Delphi.Targets" />
  <PropertyGroup>
  </PropertyGroup>
  <ItemGroup>
    <DelphiCompile Include="rlzulock.dpr">
      <MainSource>MainSource</MainSource>
    </DelphiCompile>
    <RcCompile Include="..\..\Common\d7zip\d7zlite.rc">
      <Form>..\..\Common\d7zip\d7zlite.res</Form>
    </RcCompile>
    <RcCompile Include="about\credits.rc">
      <Form>about\credits.res</Form>
    </RcCompile>
    <DCCReference Include="..\..\..\Common\About\about.pas">
      <Form>frmAbout</Form>
    </DCCReference>
    <DCCReference Include="..\..\..\Common\appver.pas" />
    <DCCReference Include="..\..\..\Common\Crypto\Base64.pas" />
    <DCCReference Include="..\..\..\Common\Crypto\libcamellia\libcamellia.pas" />
    <DCCReference Include="..\..\..\Common\Crypto\libcamellia\src\cam_base.pas" />
    <DCCReference Include="..\..\..\Common\Crypto\libpc1\libpc1.pas" />
    <DCCReference Include="..\..\..\Common\drvutils.pas" />
    <DCCReference Include="..\..\..\Common\fileslst.pas" />
    <DCCReference Include="..\..\..\Common\hashidx.pas" />
    <DCCReference Include="..\..\..\Common\MD5\MD5Api.pas" />
    <DCCReference Include="..\..\..\Common\MD5\MD5Core.pas" />
    <DCCReference Include="..\..\..\Common\systools.pas" />
    <DCCReference Include="..\..\..\Common\uitools.pas" />
    <DCCReference Include="..\..\..\Common\workdir.pas" />
    <DCCReference Include="..\..\Common\common.pas" />
    <DCCReference Include="..\..\Common\d7zip\d7zipapi.pas" />
    <DCCReference Include="..\..\Common\discauth.pas" />
    <DCCReference Include="..\..\Common\opthbase.pas" />
    <DCCReference Include="..\..\Common\unpacker.pas" />
    <DCCReference Include="main.pas">
      <Form>frmMain</Form>
    </DCCReference>
    <DCCReference Include="resman.pas" />
  </ItemGroup>
</Project>