<?xml version="1.0" encoding="utf-8"?>
<Project xmlns="http://schemas.microsoft.com/developer/msbuild/2003">
  <PropertyGroup>
    <ProjectGuid>{92e55b13-591d-4727-ad43-f4ad4cfc9717}</ProjectGuid>
    <MainSource>scinsube.dpr</MainSource>
    <Configuration Condition=" '$(Configuration)' == '' ">Debug</Configuration>
    <Platform Condition=" '$(Platform)' == '' ">AnyCPU</Platform>
    <DCC_DCCCompiler>DCC32</DCC_DCCCompiler>
    <DCC_DependencyCheckOutputName>..\bin\scinsube.exe</DCC_DependencyCheckOutputName>
  </PropertyGroup>
  <PropertyGroup Condition=" '$(Configuration)|$(Platform)' == 'Release|AnyCPU' ">
    <Version>7.0</Version>
    <DCC_DebugInformation>False</DCC_DebugInformation>
    <DCC_LocalDebugSymbols>False</DCC_LocalDebugSymbols>
    <DCC_SymbolReferenceInfo>0</DCC_SymbolReferenceInfo>
    <DCC_ExeOutput>..\bin</DCC_ExeOutput>
    <DCC_DcuOutput>..\obj</DCC_DcuOutput>
    <DCC_ObjOutput>..\obj</DCC_ObjOutput>
    <DCC_HppOutput>..\obj</DCC_HppOutput>
    <DCC_Define>RELEASE</DCC_Define>
  </PropertyGroup>
  <PropertyGroup Condition=" '$(Configuration)|$(Platform)' == 'Debug|AnyCPU' ">
    <Version>7.0</Version>
    <DCC_ExeOutput>..\bin</DCC_ExeOutput>
    <DCC_DcuOutput>..\obj</DCC_DcuOutput>
    <DCC_ObjOutput>..\obj</DCC_ObjOutput>
    <DCC_HppOutput>..\obj</DCC_HppOutput>
    <DCC_Define>DEBUG</DCC_Define>
    <DCC_Optimize>False</DCC_Optimize>
  </PropertyGroup>
  <ProjectExtensions>
    <Borland.Personality>Delphi.Personality</Borland.Personality>
    <Borland.ProjectType>VCLApplication</Borland.ProjectType>
    <BorlandProject>
<BorlandProject><Delphi.Personality><Parameters><Parameters Name="UseLauncher">False</Parameters><Parameters Name="LoadAllSymbols">True</Parameters><Parameters Name="LoadUnspecifiedSymbols">False</Parameters></Parameters><VersionInfo><VersionInfo Name="IncludeVerInfo">True</VersionInfo><VersionInfo Name="AutoIncBuild">True</VersionInfo><VersionInfo Name="MajorVer">2</VersionInfo><VersionInfo Name="MinorVer">1</VersionInfo><VersionInfo Name="Release">8</VersionInfo><VersionInfo Name="Build">255</VersionInfo><VersionInfo Name="Debug">False</VersionInfo><VersionInfo Name="PreRelease">False</VersionInfo><VersionInfo Name="Special">False</VersionInfo><VersionInfo Name="Private">False</VersionInfo><VersionInfo Name="DLL">False</VersionInfo><VersionInfo Name="Locale">1036</VersionInfo><VersionInfo Name="CodePage">1252</VersionInfo></VersionInfo><VersionInfoKeys><VersionInfoKeys Name="CompanyName">Created by [big_fury]SiZiOUS</VersionInfoKeys><VersionInfoKeys Name="FileDescription">Shenmue Cinematics Subtitles Editor</VersionInfoKeys><VersionInfoKeys Name="FileVersion">2.1.8.255</VersionInfoKeys><VersionInfoKeys Name="InternalName">scinsube.exe</VersionInfoKeys><VersionInfoKeys Name="LegalCopyright">© Copyleft 2007-2010</VersionInfoKeys><VersionInfoKeys Name="LegalTrademarks">Shenmue is copyrighted SEGA © 1999, 2001</VersionInfoKeys><VersionInfoKeys Name="OriginalFilename">scinsube.exe</VersionInfoKeys><VersionInfoKeys Name="ProductName">Shenmue Cinematics Subtitles Editor</VersionInfoKeys><VersionInfoKeys Name="ProductVersion">2.1</VersionInfoKeys><VersionInfoKeys Name="Comments">http://shenmuesubs.sourceforge.net/</VersionInfoKeys></VersionInfoKeys><Excluded_Packages>
      
      
      <Excluded_Packages Name="$(BDS)\bin\dcloffice2k100.bpl">Composants Microsoft Office 2000 Sample Automation Server Wrapper</Excluded_Packages>
      <Excluded_Packages Name="$(BDS)\bin\dclofficexp100.bpl">Composants Microsoft Office XP Sample Automation Server Wrapper</Excluded_Packages>
    </Excluded_Packages><Source><Source Name="MainSource">scinsube.dpr</Source></Source></Delphi.Personality></BorlandProject></BorlandProject>
  </ProjectExtensions>
  <Import Project="$(MSBuildBinPath)\Borland.Delphi.Targets" />
  <ItemGroup>
    <DelphiCompile Include="scinsube.dpr">
      <MainSource>MainSource</MainSource>
    </DelphiCompile>
    <RcCompile Include="about\credits.rc">
      <Form>about\credits.res</Form>
    </RcCompile>
    <RcCompile Include="engine\lzmabin.rc">
      <Form>engine\lzmabin.res</Form>
    </RcCompile>
    <DCCReference Include="..\..\Common\About\about.pas">
      <Form>frmAbout</Form>
    </DCCReference>
    <DCCReference Include="..\..\Common\batchexe.pas" />
    <DCCReference Include="..\..\Common\BugsMan\bugsmgr.pas">
      <Form>frmBugsHandler</Form>
    </DCCReference>
    <DCCReference Include="..\..\Common\DebugLog\debuglog.pas">
      <Form>frmDebugLog</Form>
    </DCCReference>
    <DCCReference Include="..\..\Common\DirScan\dirscan.pas">
      <Form>DirectoryScannerInterface</Form>
    </DCCReference>
    <DCCReference Include="..\..\Common\fileslst.pas" />
    <DCCReference Include="..\..\Common\fsparser.pas" />
    <DCCReference Include="..\..\Common\hashidx.pas" />
    <DCCReference Include="..\..\Common\imgtools.pas" />
    <DCCReference Include="..\..\Common\lzmadec.pas" />
    <DCCReference Include="..\..\Common\MD5\MD5Api.pas" />
    <DCCReference Include="..\..\Common\MD5\MD5Core.pas" />
    <DCCReference Include="..\..\Common\Progress\progress.pas">
      <Form>ProgressWindow</Form>
    </DCCReference>
    <DCCReference Include="..\..\Common\SubsUtil\chrcodec.pas" />
    <DCCReference Include="..\..\Common\SubsUtil\chrcount.pas" />
    <DCCReference Include="..\..\Common\SubsUtil\Preview\oldskool_font_mapper.pas" />
    <DCCReference Include="..\..\Common\SubsUtil\Preview\oldskool_font_vcl.pas" />
    <DCCReference Include="..\..\Common\SubsUtil\Preview\viewer.pas">
      <Form>frmSubsPreview</Form>
    </DCCReference>
    <DCCReference Include="..\..\Common\systools.pas" />
    <DCCReference Include="..\..\Common\TextDB\dbindex.pas" />
    <DCCReference Include="..\..\Common\TextDB\dbinlay.pas" />
    <DCCReference Include="..\..\Common\TextDB\textdb.pas" />
    <DCCReference Include="..\..\Common\uitools.pas" />
    <DCCReference Include="..\..\Common\workdir.pas" />
    <DCCReference Include="..\..\Common\xmlconf.pas" />
    <DCCReference Include="config.pas" />
    <DCCReference Include="engine\srfedit.pas" />
    <DCCReference Include="engine\subsexp.pas" />
    <DCCReference Include="engine\subsimp.pas" />
    <DCCReference Include="engine\utextdb.pas" />
    <DCCReference Include="main.pas">
      <Form>frmMain</Form>
    </DCCReference>
    <DCCReference Include="massimp.pas">
      <Form>frmMassImport</Form>
    </DCCReference>
    <DCCReference Include="warning.pas">
      <Form>frmWarning</Form>
    </DCCReference>
    <None Include="scinsube.todo" />
  </ItemGroup>
</Project>