<?xml version="1.0" encoding="utf-8"?>
<Project xmlns="http://schemas.microsoft.com/developer/msbuild/2003">
  <PropertyGroup>
    <ProjectGuid>{088f34e1-cccd-4680-a46f-a1d526d01260}</ProjectGuid>
    <MainSource>scinsube.dpr</MainSource>
    <Configuration Condition=" '$(Configuration)' == '' ">Release</Configuration>
    <Platform Condition=" '$(Platform)' == '' ">AnyCPU</Platform>
    <DCC_DCCCompiler>DCC32</DCC_DCCCompiler>
    <DCC_DependencyCheckOutputName>..\bin\scinsube.exe</DCC_DependencyCheckOutputName>
  </PropertyGroup>
  <PropertyGroup Condition=" '$(Configuration)|$(Platform)' == 'Release|AnyCPU' ">
    <Version>7.0</Version>
    <DCC_DebugInformation>False</DCC_DebugInformation>
    <DCC_LocalDebugSymbols>False</DCC_LocalDebugSymbols>
    <DCC_SymbolReferenceInfo>0</DCC_SymbolReferenceInfo>
    <DCC_ExeOutput>..\bin</DCC_ExeOutput>
    <DCC_DcuOutput>..\obj</DCC_DcuOutput>
    <DCC_ObjOutput>..\obj</DCC_ObjOutput>
    <DCC_HppOutput>..\obj</DCC_HppOutput>
    <DCC_Define>RELEASE</DCC_Define>
  </PropertyGroup>
  <PropertyGroup Condition=" '$(Configuration)|$(Platform)' == 'Debug|AnyCPU' ">
    <Version>7.0</Version>
    <DCC_LocalDebugSymbols>False</DCC_LocalDebugSymbols>
    <DCC_SymbolReferenceInfo>0</DCC_SymbolReferenceInfo>
    <DCC_ExeOutput>..\bin</DCC_ExeOutput>
    <DCC_DcuOutput>..\obj</DCC_DcuOutput>
    <DCC_ObjOutput>..\obj</DCC_ObjOutput>
    <DCC_HppOutput>..\obj</DCC_HppOutput>
    <DCC_Define>DEBUG</DCC_Define>
  </PropertyGroup>
  <ProjectExtensions>
    <Borland.Personality>Delphi.Personality</Borland.Personality>
    <Borland.ProjectType>VCLApplication</Borland.ProjectType>
    <BorlandProject>
<BorlandProject><Delphi.Personality><Parameters><Parameters Name="RunParams">/c</Parameters><Parameters Name="UseLauncher">False</Parameters><Parameters Name="LoadAllSymbols">True</Parameters><Parameters Name="LoadUnspecifiedSymbols">False</Parameters></Parameters><VersionInfo><VersionInfo Name="IncludeVerInfo">True</VersionInfo><VersionInfo Name="AutoIncBuild">True</VersionInfo><VersionInfo Name="MajorVer">1</VersionInfo><VersionInfo Name="MinorVer">4</VersionInfo><VersionInfo Name="Release">6</VersionInfo><VersionInfo Name="Build">68</VersionInfo><VersionInfo Name="Debug">False</VersionInfo><VersionInfo Name="PreRelease">False</VersionInfo><VersionInfo Name="Special">False</VersionInfo><VersionInfo Name="Private">False</VersionInfo><VersionInfo Name="DLL">False</VersionInfo><VersionInfo Name="Locale">4105</VersionInfo><VersionInfo Name="CodePage">1252</VersionInfo></VersionInfo><VersionInfoKeys><VersionInfoKeys Name="CompanyName">Manic Corp.</VersionInfoKeys><VersionInfoKeys Name="FileDescription">Shenmue AiO Cinematics Subtitles Editor</VersionInfoKeys><VersionInfoKeys Name="FileVersion">1.4.6.68</VersionInfoKeys><VersionInfoKeys Name="InternalName">shen_aio_subseditor</VersionInfoKeys><VersionInfoKeys Name="LegalCopyright">© Copyleft 2007-2010</VersionInfoKeys><VersionInfoKeys Name="LegalTrademarks">Shenmue is copyrighted SEGA © 1999, 2001</VersionInfoKeys><VersionInfoKeys Name="OriginalFilename">scinsube.exe</VersionInfoKeys><VersionInfoKeys Name="ProductName">Shenmue AiO Cinematics Subtitles Editor</VersionInfoKeys><VersionInfoKeys Name="ProductVersion">1.4a</VersionInfoKeys><VersionInfoKeys Name="Comments">Updated by [big_fury]SiZiOUS - http://sbibuilder.shorturl.com/</VersionInfoKeys></VersionInfoKeys><Source><Source Name="MainSource">scinsube.dpr</Source></Source></Delphi.Personality></BorlandProject></BorlandProject>
  </ProjectExtensions>
  <Import Project="$(MSBuildBinPath)\Borland.Delphi.Targets" />
  <ItemGroup>
    <DelphiCompile Include="scinsube.dpr">
      <MainSource>MainSource</MainSource>
    </DelphiCompile>
    <DCCReference Include="..\..\Common\Preview\src\oldskool_font_mapper.pas" />
    <DCCReference Include="..\..\Common\Preview\src\oldskool_font_vcl.pas" />
    <DCCReference Include="..\..\Common\Preview\src\viewer.pas">
      <Form>frmSubsPreview</Form>
    </DCCReference>
    <DCCReference Include="..\..\Common\Preview\src\viewer_intf.pas" />
    <DCCReference Include="..\..\Common\systools.pas" />
    <DCCReference Include="..\..\Common\uitools.pas" />
    <DCCReference Include="about.pas">
      <Form>frmAbout</Form>
    </DCCReference>
    <DCCReference Include="engine\charsutils.pas" />
    <DCCReference Include="engine\subutils.pas" />
    <DCCReference Include="engine\USrfStructAiO.pas" />
    <DCCReference Include="main.pas">
      <Form>frmMain</Form>
    </DCCReference>
  </ItemGroup>
</Project>