<?xml version="1.0" encoding="utf-8"?>
<Project xmlns="http://schemas.microsoft.com/developer/msbuild/2003">
  <PropertyGroup>
    <ProjectGuid>{719ad967-5ba2-4b4d-9b83-379901a17eac}</ProjectGuid>
    <Configuration Condition=" '$(Configuration)' == '' ">Debug</Configuration>
    <Platform Condition=" '$(Platform)' == '' ">AnyCPU</Platform>
    <DCC_DCCCompiler>DCC32</DCC_DCCCompiler>
    <DCC_DependencyCheckOutputName>..\bin\makedisc.exe</DCC_DependencyCheckOutputName>
    <MainSource>makedisc.dpr</MainSource>
  </PropertyGroup>
  <PropertyGroup Condition=" '$(Configuration)|$(Platform)' == 'Release|AnyCPU' ">
    <Version>7.0</Version>
    <DCC_DebugInformation>False</DCC_DebugInformation>
    <DCC_LocalDebugSymbols>False</DCC_LocalDebugSymbols>
    <DCC_SymbolReferenceInfo>0</DCC_SymbolReferenceInfo>
    <DCC_Define>RELEASE</DCC_Define>
    <DCC_ExeOutput>..\bin</DCC_ExeOutput>
    <DCC_DcuOutput>..\obj</DCC_DcuOutput>
    <DCC_ObjOutput>..\obj</DCC_ObjOutput>
    <DCC_HppOutput>..\obj</DCC_HppOutput>
  </PropertyGroup>
  <PropertyGroup Condition=" '$(Configuration)|$(Platform)' == 'Debug|AnyCPU' ">
    <Version>7.0</Version>
    <DCC_Define>DEBUG</DCC_Define>
    <DCC_ExeOutput>..\bin</DCC_ExeOutput>
    <DCC_DcuOutput>..\obj</DCC_DcuOutput>
    <DCC_ObjOutput>..\obj</DCC_ObjOutput>
    <DCC_HppOutput>..\obj</DCC_HppOutput>
  </PropertyGroup>
  <ProjectExtensions>
    <Borland.Personality>Delphi.Personality</Borland.Personality>
    <Borland.ProjectType />
    <BorlandProject>
<BorlandProject><Delphi.Personality><Parameters><Parameters Name="UseLauncher">False</Parameters><Parameters Name="LoadAllSymbols">True</Parameters><Parameters Name="LoadUnspecifiedSymbols">False</Parameters></Parameters><VersionInfo><VersionInfo Name="IncludeVerInfo">True</VersionInfo><VersionInfo Name="AutoIncBuild">True</VersionInfo><VersionInfo Name="MajorVer">2</VersionInfo><VersionInfo Name="MinorVer">0</VersionInfo><VersionInfo Name="Release">2</VersionInfo><VersionInfo Name="Build">315</VersionInfo><VersionInfo Name="Debug">False</VersionInfo><VersionInfo Name="PreRelease">False</VersionInfo><VersionInfo Name="Special">False</VersionInfo><VersionInfo Name="Private">False</VersionInfo><VersionInfo Name="DLL">False</VersionInfo><VersionInfo Name="Locale">1036</VersionInfo><VersionInfo Name="CodePage">1252</VersionInfo></VersionInfo><VersionInfoKeys><VersionInfoKeys Name="CompanyName">Shentrad Team</VersionInfoKeys><VersionInfoKeys Name="FileDescription">Shenmue Dreamcast Test Environment</VersionInfoKeys><VersionInfoKeys Name="FileVersion">2.0.2.315</VersionInfoKeys><VersionInfoKeys Name="InternalName">makedisc.exe</VersionInfoKeys><VersionInfoKeys Name="LegalCopyright">© Copyleft 2006-2014</VersionInfoKeys><VersionInfoKeys Name="LegalTrademarks">Shenmue is copyrighted SEGA © 1999, 2001</VersionInfoKeys><VersionInfoKeys Name="OriginalFilename">makedisc.exe</VersionInfoKeys><VersionInfoKeys Name="ProductName">Shenmue Translation Pack</VersionInfoKeys><VersionInfoKeys Name="ProductVersion">2.0</VersionInfoKeys><VersionInfoKeys Name="Comments">http://shenmuesubs.sf.net/</VersionInfoKeys></VersionInfoKeys><Source><Source Name="MainSource">makedisc.dpr</Source></Source></Delphi.Personality></BorlandProject></BorlandProject>
  </ProjectExtensions>
  <Import Project="$(MSBuildBinPath)\Borland.Delphi.Targets" />
  <ItemGroup>
    <DelphiCompile Include="makedisc.dpr">
      <MainSource>MainSource</MainSource>
    </DelphiCompile>
    <RcCompile Include="about\credits.rc">
      <Form>about\credits.res</Form>
    </RcCompile>
    <RcCompile Include="engine\binaries.rc">
      <Form>engine\binaries.res</Form>
    </RcCompile>
    <RcCompile Include="engine\lzmabin.rc">
      <Form>engine\lzmabin.res</Form>
    </RcCompile>
    <DCCReference Include="..\..\..\Common\About\about.pas">
      <Form>frmAbout</Form>
    </DCCReference>
    <DCCReference Include="..\..\..\Common\appver.pas" />
    <DCCReference Include="..\..\..\Common\BugsMan\bugsmgr.pas">
      <Form>frmBugsHandler</Form>
    </DCCReference>
    <DCCReference Include="..\..\..\Common\lzmadec.pas" />
    <DCCReference Include="..\..\..\Common\procutil.pas" />
    <DCCReference Include="..\..\..\Common\systools.pas" />
    <DCCReference Include="..\..\..\Common\uitools.pas" />
    <DCCReference Include="..\..\..\Common\workdir.pas" />
    <DCCReference Include="..\..\..\Common\xmlconf.pas" />
    <DCCReference Include="config.pas" />
    <DCCReference Include="engine\dtecore.pas" />
    <DCCReference Include="engine\fastcopy.pas" />
    <DCCReference Include="main.pas">
      <Form>frmMain</Form>
    </DCCReference>
    <DCCReference Include="presets.pas">
      <Form>frmPresets</Form>
    </DCCReference>
    <DCCReference Include="settings.pas">
      <Form>frmSettings</Form>
    </DCCReference>
  </ItemGroup>
</Project>